# THIS IS AN AUTOGENERATED FILE. DO NOT EDIT THIS FILE DIRECTLY.
# yarn lockfile v1


"@beekeeperstudio/plugin@^1.0.10":
  version "1.0.10"
  resolved "https://registry.yarnpkg.com/@beekeeperstudio/plugin/-/plugin-1.0.10.tgz#9885a66ec7ad49e6af541eb1ac360213c6ba4e8f"
  integrity sha512-fKpKYvBUb6uZbPgmz1V+M2eZrL9pvK3oJ3K+b+xN9Wl/BJp8AsQsNePyL5fSX7FgvHn0ic0+5oY13y+pKwEj0Q==
